PODS:
  - TLPhotoPicker (1.8.3)

DEPENDENCIES:
  - TLPhotoPicker (from `../`)

EXTERNAL SOURCES:
  TLPhotoPicker:
    :path: "../"
    :tag: 1.8.2

SPEC CHECKSUMS:
  TLPhotoPicker: 6c87cbb64623c629ec38daf815d4ad79e9ca8b65

PODFILE CHECKSUM: eb49294a0e49f58688e62c9724ff8dcb911badc2

COCOAPODS: 1.11.2
