// !$*UTF8*$!
{
	archiveVersion = 1;
	classes = {
	};
	objectVersion = 46;
	objects = {

/* Begin PBXBuildFile section */
		18F9901721F5FB6400BD192E /* CustomHeaderView.xib in Resources */ = {isa = PBXBuildFile; fileRef = 18F9901621F5FB6400BD192E /* CustomHeaderView.xib */; };
		18F9901921F5FB7000BD192E /* CustomHeaderView.swift in Sources */ = {isa = PBXBuildFile; fileRef = 18F9901821F5FB7000BD192E /* CustomHeaderView.swift */; };
		18F9901B21F603A900BD192E /* CustomDataSources.swift in Sources */ = {isa = PBXBuildFile; fileRef = 18F9901A21F603A900BD192E /* CustomDataSources.swift */; };
		18F9901E21F6078200BD192E /* CustomFooterView.xib in Resources */ = {isa = PBXBuildFile; fileRef = 18F9901C21F6078200BD192E /* CustomFooterView.xib */; };
		18F9901F21F6078200BD192E /* CustomFooterView.swift in Sources */ = {isa = PBXBuildFile; fileRef = 18F9901D21F6078200BD192E /* CustomFooterView.swift */; };
		5D34B30E1F26367C00F22369 /* TLPhotosPicker+Extension.swift in Sources */ = {isa = PBXBuildFile; fileRef = 5D34B30D1F26367C00F22369 /* TLPhotosPicker+Extension.swift */; };
		5D34B3101F26370400F22369 /* ImagePreviewViewController.swift in Sources */ = {isa = PBXBuildFile; fileRef = 5D34B30F1F26370400F22369 /* ImagePreviewViewController.swift */; };
		5D34B3121F2637C400F22369 /* ImagePreviewViewController.xib in Resources */ = {isa = PBXBuildFile; fileRef = 5D34B3111F2637C400F22369 /* ImagePreviewViewController.xib */; };
		5D34B3141F2639CA00F22369 /* PhotoPickerWithNavigationViewController.swift in Sources */ = {isa = PBXBuildFile; fileRef = 5D34B3131F2639CA00F22369 /* PhotoPickerWithNavigationViewController.swift */; };
		5D438D831EC9DB9000D63583 /* CustomCell_Instagram.swift in Sources */ = {isa = PBXBuildFile; fileRef = 5D438D821EC9DB9000D63583 /* CustomCell_Instagram.swift */; };
		5D438D851EC9DEB400D63583 /* CustomCell_Instagram.xib in Resources */ = {isa = PBXBuildFile; fileRef = 5D438D841EC9DEB400D63583 /* CustomCell_Instagram.xib */; };
		5D55736A1EDA612200E5F509 /* CustomPhotoPickerViewController.swift in Sources */ = {isa = PBXBuildFile; fileRef = 5D5573691EDA612200E5F509 /* CustomPhotoPickerViewController.swift */; };
		5DCA9FEC1FA30BB30094E5B1 /* CustomCameraCell.swift in Sources */ = {isa = PBXBuildFile; fileRef = 5DCA9FEB1FA30BB30094E5B1 /* CustomCameraCell.swift */; };
		5DCA9FEE1FA30BBD0094E5B1 /* CustomCameraCell.xib in Resources */ = {isa = PBXBuildFile; fileRef = 5DCA9FED1FA30BBD0094E5B1 /* CustomCameraCell.xib */; };
		5DCDB0FA1FA966B400B8F92C /* PreviewView.swift in Sources */ = {isa = PBXBuildFile; fileRef = 5DCDB0F91FA966B400B8F92C /* PreviewView.swift */; };
		5DCDB0FE1FA9B35F00B8F92C /* PhotoCaptureDelegate.swift in Sources */ = {isa = PBXBuildFile; fileRef = 5DCDB0FD1FA9B35F00B8F92C /* PhotoCaptureDelegate.swift */; };
		607FACD61AFB9204008FA782 /* AppDelegate.swift in Sources */ = {isa = PBXBuildFile; fileRef = 607FACD51AFB9204008FA782 /* AppDelegate.swift */; };
		607FACD81AFB9204008FA782 /* ViewController.swift in Sources */ = {isa = PBXBuildFile; fileRef = 607FACD71AFB9204008FA782 /* ViewController.swift */; };
		607FACDB1AFB9204008FA782 /* Main.storyboard in Resources */ = {isa = PBXBuildFile; fileRef = 607FACD91AFB9204008FA782 /* Main.storyboard */; };
		607FACDD1AFB9204008FA782 /* Images.xcassets in Resources */ = {isa = PBXBuildFile; fileRef = 607FACDC1AFB9204008FA782 /* Images.xcassets */; };
		607FACE01AFB9204008FA782 /* LaunchScreen.xib in Resources */ = {isa = PBXBuildFile; fileRef = 607FACDE1AFB9204008FA782 /* LaunchScreen.xib */; };
		CB31335EFDE1A8586225CFE6 /* Pods_TLPhotoPicker_Example.framework in Frameworks */ = {isa = PBXBuildFile; fileRef = 83E119F9CCBD6D384998CB57 /* Pods_TLPhotoPicker_Example.framework */; };
/* End PBXBuildFile section */

/* Begin PBXFileReference section */
		18A9D0696DEEBAAB25DE043D /* Pods_TLPhotoPicker_Tests.framework */ = {isa = PBXFileReference; explicitFileType = wrapper.framework; includeInIndex = 0; path = Pods_TLPhotoPicker_Tests.framework; sourceTree = BUILT_PRODUCTS_DIR; };
		18F9901621F5FB6400BD192E /* CustomHeaderView.xib */ = {isa = PBXFileReference; lastKnownFileType = file.xib; path = CustomHeaderView.xib; sourceTree = "<group>"; };
		18F9901821F5FB7000BD192E /* CustomHeaderView.swift */ = {isa = PBXFileReference; lastKnownFileType = sourcecode.swift; path = CustomHeaderView.swift; sourceTree = "<group>"; };
		18F9901A21F603A900BD192E /* CustomDataSources.swift */ = {isa = PBXFileReference; lastKnownFileType = sourcecode.swift; path = CustomDataSources.swift; sourceTree = "<group>"; };
		18F9901C21F6078200BD192E /* CustomFooterView.xib */ = {isa = PBXFileReference; fileEncoding = 4; lastKnownFileType = file.xib; path = CustomFooterView.xib; sourceTree = "<group>"; };
		18F9901D21F6078200BD192E /* CustomFooterView.swift */ = {isa = PBXFileReference; fileEncoding = 4; lastKnownFileType = sourcecode.swift; path = CustomFooterView.swift; sourceTree = "<group>"; };
		3802EDD404952C3F6A617922 /* Pods-TLPhotoPicker_Tests.debug.xcconfig */ = {isa = PBXFileReference; includeInIndex = 1; lastKnownFileType = text.xcconfig; name = "Pods-TLPhotoPicker_Tests.debug.xcconfig"; path = "Pods/Target Support Files/Pods-TLPhotoPicker_Tests/Pods-TLPhotoPicker_Tests.debug.xcconfig"; sourceTree = "<group>"; };
		3A59BDF34F7DBFA439E9E2FB /* Pods-TLPhotoPicker_Tests.release.xcconfig */ = {isa = PBXFileReference; includeInIndex = 1; lastKnownFileType = text.xcconfig; name = "Pods-TLPhotoPicker_Tests.release.xcconfig"; path = "Pods/Target Support Files/Pods-TLPhotoPicker_Tests/Pods-TLPhotoPicker_Tests.release.xcconfig"; sourceTree = "<group>"; };
		51A5A8C94F447050F0C8EC78 /* README.md */ = {isa = PBXFileReference; includeInIndex = 1; lastKnownFileType = net.daringfireball.markdown; name = README.md; path = ../README.md; sourceTree = "<group>"; };
		5D34B30D1F26367C00F22369 /* TLPhotosPicker+Extension.swift */ = {isa = PBXFileReference; fileEncoding = 4; lastKnownFileType = sourcecode.swift; path = "TLPhotosPicker+Extension.swift"; sourceTree = "<group>"; };
		5D34B30F1F26370400F22369 /* ImagePreviewViewController.swift */ = {isa = PBXFileReference; fileEncoding = 4; lastKnownFileType = sourcecode.swift; path = ImagePreviewViewController.swift; sourceTree = "<group>"; };
		5D34B3111F2637C400F22369 /* ImagePreviewViewController.xib */ = {isa = PBXFileReference; fileEncoding = 4; lastKnownFileType = file.xib; path = ImagePreviewViewController.xib; sourceTree = "<group>"; };
		5D34B3131F2639CA00F22369 /* PhotoPickerWithNavigationViewController.swift */ = {isa = PBXFileReference; fileEncoding = 4; lastKnownFileType = sourcecode.swift; path = PhotoPickerWithNavigationViewController.swift; sourceTree = "<group>"; };
		5D438D821EC9DB9000D63583 /* CustomCell_Instagram.swift */ = {isa = PBXFileReference; fileEncoding = 4; lastKnownFileType = sourcecode.swift; path = CustomCell_Instagram.swift; sourceTree = "<group>"; };
		5D438D841EC9DEB400D63583 /* CustomCell_Instagram.xib */ = {isa = PBXFileReference; fileEncoding = 4; lastKnownFileType = file.xib; path = CustomCell_Instagram.xib; sourceTree = "<group>"; };
		5D5573691EDA612200E5F509 /* CustomPhotoPickerViewController.swift */ = {isa = PBXFileReference; fileEncoding = 4; lastKnownFileType = sourcecode.swift; path = CustomPhotoPickerViewController.swift; sourceTree = "<group>"; };
		5DCA9FEB1FA30BB30094E5B1 /* CustomCameraCell.swift */ = {isa = PBXFileReference; lastKnownFileType = sourcecode.swift; path = CustomCameraCell.swift; sourceTree = "<group>"; };
		5DCA9FED1FA30BBD0094E5B1 /* CustomCameraCell.xib */ = {isa = PBXFileReference; lastKnownFileType = file.xib; path = CustomCameraCell.xib; sourceTree = "<group>"; };
		5DCDB0F91FA966B400B8F92C /* PreviewView.swift */ = {isa = PBXFileReference; lastKnownFileType = sourcecode.swift; path = PreviewView.swift; sourceTree = "<group>"; };
		5DCDB0FD1FA9B35F00B8F92C /* PhotoCaptureDelegate.swift */ = {isa = PBXFileReference; lastKnownFileType = sourcecode.swift; path = PhotoCaptureDelegate.swift; sourceTree = "<group>"; };
		607FACD01AFB9204008FA782 /* TLPhotoPicker_Example.app */ = {isa = PBXFileReference; explicitFileType = wrapper.application; includeInIndex = 0; path = TLPhotoPicker_Example.app; sourceTree = BUILT_PRODUCTS_DIR; };
		607FACD41AFB9204008FA782 /* Info.plist */ = {isa = PBXFileReference; lastKnownFileType = text.plist.xml; path = Info.plist; sourceTree = "<group>"; };
		607FACD51AFB9204008FA782 /* AppDelegate.swift */ = {isa = PBXFileReference; lastKnownFileType = sourcecode.swift; path = AppDelegate.swift; sourceTree = "<group>"; };
		607FACD71AFB9204008FA782 /* ViewController.swift */ = {isa = PBXFileReference; lastKnownFileType = sourcecode.swift; path = ViewController.swift; sourceTree = "<group>"; };
		607FACDA1AFB9204008FA782 /* Base */ = {isa = PBXFileReference; lastKnownFileType = file.storyboard; name = Base; path = Base.lproj/Main.storyboard; sourceTree = "<group>"; };
		607FACDC1AFB9204008FA782 /* Images.xcassets */ = {isa = PBXFileReference; lastKnownFileType = folder.assetcatalog; path = Images.xcassets; sourceTree = "<group>"; };
		607FACDF1AFB9204008FA782 /* Base */ = {isa = PBXFileReference; lastKnownFileType = file.xib; name = Base; path = Base.lproj/LaunchScreen.xib; sourceTree = "<group>"; };
		607FACEA1AFB9204008FA782 /* Info.plist */ = {isa = PBXFileReference; lastKnownFileType = text.plist.xml; path = Info.plist; sourceTree = "<group>"; };
		607FACEB1AFB9204008FA782 /* Tests.swift */ = {isa = PBXFileReference; lastKnownFileType = sourcecode.swift; path = Tests.swift; sourceTree = "<group>"; };
		83E119F9CCBD6D384998CB57 /* Pods_TLPhotoPicker_Example.framework */ = {isa = PBXFileReference; explicitFileType = wrapper.framework; includeInIndex = 0; path = Pods_TLPhotoPicker_Example.framework; sourceTree = BUILT_PRODUCTS_DIR; };
		AED71020F992B2D2D76C0DCD /* LICENSE */ = {isa = PBXFileReference; includeInIndex = 1; lastKnownFileType = text; name = LICENSE; path = ../LICENSE; sourceTree = "<group>"; };
		DF35E7F382136F073D03D766 /* TLPhotoPicker.podspec */ = {isa = PBXFileReference; includeInIndex = 1; lastKnownFileType = text; name = TLPhotoPicker.podspec; path = ../TLPhotoPicker.podspec; sourceTree = "<group>"; xcLanguageSpecificationIdentifier = xcode.lang.ruby; };
		F047F54580DD32436AB0F8F6 /* Pods-TLPhotoPicker_Example.debug.xcconfig */ = {isa = PBXFileReference; includeInIndex = 1; lastKnownFileType = text.xcconfig; name = "Pods-TLPhotoPicker_Example.debug.xcconfig"; path = "Pods/Target Support Files/Pods-TLPhotoPicker_Example/Pods-TLPhotoPicker_Example.debug.xcconfig"; sourceTree = "<group>"; };
		FF774390FCDE758A51AF70EF /* Pods-TLPhotoPicker_Example.release.xcconfig */ = {isa = PBXFileReference; includeInIndex = 1; lastKnownFileType = text.xcconfig; name = "Pods-TLPhotoPicker_Example.release.xcconfig"; path = "Pods/Target Support Files/Pods-TLPhotoPicker_Example/Pods-TLPhotoPicker_Example.release.xcconfig"; sourceTree = "<group>"; };
/* End PBXFileReference section */

/* Begin PBXFrameworksBuildPhase section */
		607FACCD1AFB9204008FA782 /* Frameworks */ = {
			isa = PBXFrameworksBuildPhase;
			buildActionMask = 2147483647;
			files = (
				CB31335EFDE1A8586225CFE6 /* Pods_TLPhotoPicker_Example.framework in Frameworks */,
			);
			runOnlyForDeploymentPostprocessing = 0;
		};
/* End PBXFrameworksBuildPhase section */

/* Begin PBXGroup section */
		5D438D811EC9DB7E00D63583 /* CustomCells */ = {
			isa = PBXGroup;
			children = (
				18F9901821F5FB7000BD192E /* CustomHeaderView.swift */,
				18F9901621F5FB6400BD192E /* CustomHeaderView.xib */,
				18F9901D21F6078200BD192E /* CustomFooterView.swift */,
				18F9901C21F6078200BD192E /* CustomFooterView.xib */,
				5D438D821EC9DB9000D63583 /* CustomCell_Instagram.swift */,
				5D438D841EC9DEB400D63583 /* CustomCell_Instagram.xib */,
				5DCA9FEB1FA30BB30094E5B1 /* CustomCameraCell.swift */,
				5DCA9FED1FA30BBD0094E5B1 /* CustomCameraCell.xib */,
				5DCDB0F91FA966B400B8F92C /* PreviewView.swift */,
				5DCDB0FD1FA9B35F00B8F92C /* PhotoCaptureDelegate.swift */,
			);
			name = CustomCells;
			sourceTree = "<group>";
		};
		5D5573681EDA610800E5F509 /* CustomPhotoPicker */ = {
			isa = PBXGroup;
			children = (
				5D34B30D1F26367C00F22369 /* TLPhotosPicker+Extension.swift */,
				5D5573691EDA612200E5F509 /* CustomPhotoPickerViewController.swift */,
				5D34B3131F2639CA00F22369 /* PhotoPickerWithNavigationViewController.swift */,
				5D34B30F1F26370400F22369 /* ImagePreviewViewController.swift */,
				5D34B3111F2637C400F22369 /* ImagePreviewViewController.xib */,
				18F9901A21F603A900BD192E /* CustomDataSources.swift */,
			);
			name = CustomPhotoPicker;
			sourceTree = "<group>";
		};
		607FACC71AFB9204008FA782 = {
			isa = PBXGroup;
			children = (
				607FACF51AFB993E008FA782 /* Podspec Metadata */,
				607FACD21AFB9204008FA782 /* Example for TLPhotoPicker */,
				607FACE81AFB9204008FA782 /* Tests */,
				607FACD11AFB9204008FA782 /* Products */,
				78DC0637BD2AC6941FD0D131 /* Pods */,
				DBDB238483ABCA62C9263EBD /* Frameworks */,
			);
			sourceTree = "<group>";
		};
		607FACD11AFB9204008FA782 /* Products */ = {
			isa = PBXGroup;
			children = (
				607FACD01AFB9204008FA782 /* TLPhotoPicker_Example.app */,
			);
			name = Products;
			sourceTree = "<group>";
		};
		607FACD21AFB9204008FA782 /* Example for TLPhotoPicker */ = {
			isa = PBXGroup;
			children = (
				5D5573681EDA610800E5F509 /* CustomPhotoPicker */,
				5D438D811EC9DB7E00D63583 /* CustomCells */,
				607FACD51AFB9204008FA782 /* AppDelegate.swift */,
				607FACD71AFB9204008FA782 /* ViewController.swift */,
				607FACD91AFB9204008FA782 /* Main.storyboard */,
				607FACDC1AFB9204008FA782 /* Images.xcassets */,
				607FACDE1AFB9204008FA782 /* LaunchScreen.xib */,
				607FACD31AFB9204008FA782 /* Supporting Files */,
			);
			name = "Example for TLPhotoPicker";
			path = TLPhotoPicker;
			sourceTree = "<group>";
		};
		607FACD31AFB9204008FA782 /* Supporting Files */ = {
			isa = PBXGroup;
			children = (
				607FACD41AFB9204008FA782 /* Info.plist */,
			);
			name = "Supporting Files";
			sourceTree = "<group>";
		};
		607FACE81AFB9204008FA782 /* Tests */ = {
			isa = PBXGroup;
			children = (
				607FACEB1AFB9204008FA782 /* Tests.swift */,
				607FACE91AFB9204008FA782 /* Supporting Files */,
			);
			path = Tests;
			sourceTree = "<group>";
		};
		607FACE91AFB9204008FA782 /* Supporting Files */ = {
			isa = PBXGroup;
			children = (
				607FACEA1AFB9204008FA782 /* Info.plist */,
			);
			name = "Supporting Files";
			sourceTree = "<group>";
		};
		607FACF51AFB993E008FA782 /* Podspec Metadata */ = {
			isa = PBXGroup;
			children = (
				DF35E7F382136F073D03D766 /* TLPhotoPicker.podspec */,
				51A5A8C94F447050F0C8EC78 /* README.md */,
				AED71020F992B2D2D76C0DCD /* LICENSE */,
			);
			name = "Podspec Metadata";
			sourceTree = "<group>";
		};
		78DC0637BD2AC6941FD0D131 /* Pods */ = {
			isa = PBXGroup;
			children = (
				F047F54580DD32436AB0F8F6 /* Pods-TLPhotoPicker_Example.debug.xcconfig */,
				FF774390FCDE758A51AF70EF /* Pods-TLPhotoPicker_Example.release.xcconfig */,
				3802EDD404952C3F6A617922 /* Pods-TLPhotoPicker_Tests.debug.xcconfig */,
				3A59BDF34F7DBFA439E9E2FB /* Pods-TLPhotoPicker_Tests.release.xcconfig */,
			);
			name = Pods;
			sourceTree = "<group>";
		};
		DBDB238483ABCA62C9263EBD /* Frameworks */ = {
			isa = PBXGroup;
			children = (
				83E119F9CCBD6D384998CB57 /* Pods_TLPhotoPicker_Example.framework */,
				18A9D0696DEEBAAB25DE043D /* Pods_TLPhotoPicker_Tests.framework */,
			);
			name = Frameworks;
			sourceTree = "<group>";
		};
/* End PBXGroup section */

/* Begin PBXNativeTarget section */
		607FACCF1AFB9204008FA782 /* TLPhotoPicker_Example */ = {
			isa = PBXNativeTarget;
			buildConfigurationList = 607FACEF1AFB9204008FA782 /* Build configuration list for PBXNativeTarget "TLPhotoPicker_Example" */;
			buildPhases = (
				A36072925E692C716EFD545A /* [CP] Check Pods Manifest.lock */,
				607FACCC1AFB9204008FA782 /* Sources */,
				607FACCD1AFB9204008FA782 /* Frameworks */,
				607FACCE1AFB9204008FA782 /* Resources */,
				CC55D8EEDA51DAD58F745D99 /* [CP] Embed Pods Frameworks */,
			);
			buildRules = (
			);
			dependencies = (
			);
			name = TLPhotoPicker_Example;
			productName = TLPhotoPicker;
			productReference = 607FACD01AFB9204008FA782 /* TLPhotoPicker_Example.app */;
			productType = "com.apple.product-type.application";
		};
/* End PBXNativeTarget section */

/* Begin PBXProject section */
		607FACC81AFB9204008FA782 /* Project object */ = {
			isa = PBXProject;
			attributes = {
				LastSwiftUpdateCheck = 0720;
				LastUpgradeCheck = 1020;
				ORGANIZATIONNAME = CocoaPods;
				TargetAttributes = {
					607FACCF1AFB9204008FA782 = {
						CreatedOnToolsVersion = 6.3.1;
						DevelopmentTeam = RNR9A42JW9;
						LastSwiftMigration = 0820;
					};
				};
			};
			buildConfigurationList = 607FACCB1AFB9204008FA782 /* Build configuration list for PBXProject "TLPhotoPicker" */;
			compatibilityVersion = "Xcode 3.2";
			developmentRegion = en;
			hasScannedForEncodings = 0;
			knownRegions = (
				en,
				Base,
			);
			mainGroup = 607FACC71AFB9204008FA782;
			productRefGroup = 607FACD11AFB9204008FA782 /* Products */;
			projectDirPath = "";
			projectRoot = "";
			targets = (
				607FACCF1AFB9204008FA782 /* TLPhotoPicker_Example */,
			);
		};
/* End PBXProject section */

/* Begin PBXResourcesBuildPhase section */
		607FACCE1AFB9204008FA782 /* Resources */ = {
			isa = PBXResourcesBuildPhase;
			buildActionMask = 2147483647;
			files = (
				607FACDB1AFB9204008FA782 /* Main.storyboard in Resources */,
				5DCA9FEE1FA30BBD0094E5B1 /* CustomCameraCell.xib in Resources */,
				18F9901E21F6078200BD192E /* CustomFooterView.xib in Resources */,
				5D438D851EC9DEB400D63583 /* CustomCell_Instagram.xib in Resources */,
				607FACE01AFB9204008FA782 /* LaunchScreen.xib in Resources */,
				607FACDD1AFB9204008FA782 /* Images.xcassets in Resources */,
				5D34B3121F2637C400F22369 /* ImagePreviewViewController.xib in Resources */,
				18F9901721F5FB6400BD192E /* CustomHeaderView.xib in Resources */,
			);
			runOnlyForDeploymentPostprocessing = 0;
		};
/* End PBXResourcesBuildPhase section */

/* Begin PBXShellScriptBuildPhase section */
		A36072925E692C716EFD545A /* [CP] Check Pods Manifest.lock */ = {
			isa = PBXShellScriptBuildPhase;
			buildActionMask = 2147483647;
			files = (
			);
			inputPaths = (
				"${PODS_PODFILE_DIR_PATH}/Podfile.lock",
				"${PODS_ROOT}/Manifest.lock",
			);
			name = "[CP] Check Pods Manifest.lock";
			outputPaths = (
				"$(DERIVED_FILE_DIR)/Pods-TLPhotoPicker_Example-checkManifestLockResult.txt",
			);
			runOnlyForDeploymentPostprocessing = 0;
			shellPath = /bin/sh;
			shellScript = "diff \"${PODS_PODFILE_DIR_PATH}/Podfile.lock\" \"${PODS_ROOT}/Manifest.lock\" > /dev/null\nif [ $? != 0 ] ; then\n    # print error to STDERR\n    echo \"error: The sandbox is not in sync with the Podfile.lock. Run 'pod install' or update your CocoaPods installation.\" >&2\n    exit 1\nfi\n# This output is used by Xcode 'outputs' to avoid re-running this script phase.\necho \"SUCCESS\" > \"${SCRIPT_OUTPUT_FILE_0}\"\n";
			showEnvVarsInLog = 0;
		};
		CC55D8EEDA51DAD58F745D99 /* [CP] Embed Pods Frameworks */ = {
			isa = PBXShellScriptBuildPhase;
			buildActionMask = 2147483647;
			files = (
			);
			inputPaths = (
				"${SRCROOT}/Pods/Target Support Files/Pods-TLPhotoPicker_Example/Pods-TLPhotoPicker_Example-frameworks.sh",
				"${BUILT_PRODUCTS_DIR}/TLPhotoPicker/TLPhotoPicker.framework",
			);
			name = "[CP] Embed Pods Frameworks";
			outputPaths = (
				"${TARGET_BUILD_DIR}/${FRAMEWORKS_FOLDER_PATH}/TLPhotoPicker.framework",
			);
			runOnlyForDeploymentPostprocessing = 0;
			shellPath = /bin/sh;
			shellScript = "\"${SRCROOT}/Pods/Target Support Files/Pods-TLPhotoPicker_Example/Pods-TLPhotoPicker_Example-frameworks.sh\"\n";
			showEnvVarsInLog = 0;
		};
/* End PBXShellScriptBuildPhase section */

/* Begin PBXSourcesBuildPhase section */
		607FACCC1AFB9204008FA782 /* Sources */ = {
			isa = PBXSourcesBuildPhase;
			buildActionMask = 2147483647;
			files = (
				5D438D831EC9DB9000D63583 /* CustomCell_Instagram.swift in Sources */,
				607FACD81AFB9204008FA782 /* ViewController.swift in Sources */,
				5DCDB0FA1FA966B400B8F92C /* PreviewView.swift in Sources */,
				5D34B30E1F26367C00F22369 /* TLPhotosPicker+Extension.swift in Sources */,
				5D55736A1EDA612200E5F509 /* CustomPhotoPickerViewController.swift in Sources */,
				5D34B3101F26370400F22369 /* ImagePreviewViewController.swift in Sources */,
				18F9901F21F6078200BD192E /* CustomFooterView.swift in Sources */,
				5DCA9FEC1FA30BB30094E5B1 /* CustomCameraCell.swift in Sources */,
				18F9901B21F603A900BD192E /* CustomDataSources.swift in Sources */,
				5D34B3141F2639CA00F22369 /* PhotoPickerWithNavigationViewController.swift in Sources */,
				18F9901921F5FB7000BD192E /* CustomHeaderView.swift in Sources */,
				5DCDB0FE1FA9B35F00B8F92C /* PhotoCaptureDelegate.swift in Sources */,
				607FACD61AFB9204008FA782 /* AppDelegate.swift in Sources */,
			);
			runOnlyForDeploymentPostprocessing = 0;
		};
/* End PBXSourcesBuildPhase section */

/* Begin PBXVariantGroup section */
		607FACD91AFB9204008FA782 /* Main.storyboard */ = {
			isa = PBXVariantGroup;
			children = (
				607FACDA1AFB9204008FA782 /* Base */,
			);
			name = Main.storyboard;
			sourceTree = "<group>";
		};
		607FACDE1AFB9204008FA782 /* LaunchScreen.xib */ = {
			isa = PBXVariantGroup;
			children = (
				607FACDF1AFB9204008FA782 /* Base */,
			);
			name = LaunchScreen.xib;
			sourceTree = "<group>";
		};
/* End PBXVariantGroup section */

/* Begin XCBuildConfiguration section */
		607FACED1AFB9204008FA782 /* Debug */ = {
			isa = XCBuildConfiguration;
			buildSettings = {
				ALWAYS_SEARCH_USER_PATHS = NO;
				CLANG_ANALYZER_LOCALIZABILITY_NONLOCALIZED = YES;
				CLANG_CXX_LANGUAGE_STANDARD = "gnu++0x";
				CLANG_CXX_LIBRARY = "libc++";
				CLANG_ENABLE_MODULES = YES;
				CLANG_ENABLE_OBJC_ARC = YES;
				CLANG_WARN_BLOCK_CAPTURE_AUTORELEASING = YES;
				CLANG_WARN_BOOL_CONVERSION = YES;
				CLANG_WARN_COMMA = YES;
				CLANG_WARN_CONSTANT_CONVERSION = YES;
				CLANG_WARN_DEPRECATED_OBJC_IMPLEMENTATIONS = YES;
				CLANG_WARN_DIRECT_OBJC_ISA_USAGE = YES_ERROR;
				CLANG_WARN_EMPTY_BODY = YES;
				CLANG_WARN_ENUM_CONVERSION = YES;
				CLANG_WARN_INFINITE_RECURSION = YES;
				CLANG_WARN_INT_CONVERSION = YES;
				CLANG_WARN_NON_LITERAL_NULL_CONVERSION = YES;
				CLANG_WARN_OBJC_IMPLICIT_RETAIN_SELF = YES;
				CLANG_WARN_OBJC_LITERAL_CONVERSION = YES;
				CLANG_WARN_OBJC_ROOT_CLASS = YES_ERROR;
				CLANG_WARN_RANGE_LOOP_ANALYSIS = YES;
				CLANG_WARN_STRICT_PROTOTYPES = YES;
				CLANG_WARN_SUSPICIOUS_MOVE = YES;
				CLANG_WARN_UNREACHABLE_CODE = YES;
				CLANG_WARN__DUPLICATE_METHOD_MATCH = YES;
				"CODE_SIGN_IDENTITY[sdk=iphoneos*]" = "iPhone Developer";
				COPY_PHASE_STRIP = NO;
				DEBUG_INFORMATION_FORMAT = "dwarf-with-dsym";
				ENABLE_STRICT_OBJC_MSGSEND = YES;
				ENABLE_TESTABILITY = YES;
				GCC_C_LANGUAGE_STANDARD = gnu99;
				GCC_DYNAMIC_NO_PIC = NO;
				GCC_NO_COMMON_BLOCKS = YES;
				GCC_OPTIMIZATION_LEVEL = 0;
				GCC_PREPROCESSOR_DEFINITIONS = (
					"DEBUG=1",
					"$(inherited)",
				);
				GCC_SYMBOLS_PRIVATE_EXTERN = NO;
				GCC_WARN_64_TO_32_BIT_CONVERSION = YES;
				GCC_WARN_ABOUT_RETURN_TYPE = YES_ERROR;
				GCC_WARN_UNDECLARED_SELECTOR = YES;
				GCC_WARN_UNINITIALIZED_AUTOS = YES_AGGRESSIVE;
				GCC_WARN_UNUSED_FUNCTION = YES;
				GCC_WARN_UNUSED_VARIABLE = YES;
				IPHONEOS_DEPLOYMENT_TARGET = 9.1;
				MTL_ENABLE_DEBUG_INFO = YES;
				ONLY_ACTIVE_ARCH = YES;
				SDKROOT = iphoneos;
				SWIFT_OPTIMIZATION_LEVEL = "-Onone";
				SWIFT_VERSION = 4.2;
			};
			name = Debug;
		};
		607FACEE1AFB9204008FA782 /* Release */ = {
			isa = XCBuildConfiguration;
			buildSettings = {
				ALWAYS_SEARCH_USER_PATHS = NO;
				CLANG_ANALYZER_LOCALIZABILITY_NONLOCALIZED = YES;
				CLANG_CXX_LANGUAGE_STANDARD = "gnu++0x";
				CLANG_CXX_LIBRARY = "libc++";
				CLANG_ENABLE_MODULES = YES;
				CLANG_ENABLE_OBJC_ARC = YES;
				CLANG_WARN_BLOCK_CAPTURE_AUTORELEASING = YES;
				CLANG_WARN_BOOL_CONVERSION = YES;
				CLANG_WARN_COMMA = YES;
				CLANG_WARN_CONSTANT_CONVERSION = YES;
				CLANG_WARN_DEPRECATED_OBJC_IMPLEMENTATIONS = YES;
				CLANG_WARN_DIRECT_OBJC_ISA_USAGE = YES_ERROR;
				CLANG_WARN_EMPTY_BODY = YES;
				CLANG_WARN_ENUM_CONVERSION = YES;
				CLANG_WARN_INFINITE_RECURSION = YES;
				CLANG_WARN_INT_CONVERSION = YES;
				CLANG_WARN_NON_LITERAL_NULL_CONVERSION = YES;
				CLANG_WARN_OBJC_IMPLICIT_RETAIN_SELF = YES;
				CLANG_WARN_OBJC_LITERAL_CONVERSION = YES;
				CLANG_WARN_OBJC_ROOT_CLASS = YES_ERROR;
				CLANG_WARN_RANGE_LOOP_ANALYSIS = YES;
				CLANG_WARN_STRICT_PROTOTYPES = YES;
				CLANG_WARN_SUSPICIOUS_MOVE = YES;
				CLANG_WARN_UNREACHABLE_CODE = YES;
				CLANG_WARN__DUPLICATE_METHOD_MATCH = YES;
				"CODE_SIGN_IDENTITY[sdk=iphoneos*]" = "iPhone Developer";
				COPY_PHASE_STRIP = NO;
				DEBUG_INFORMATION_FORMAT = "dwarf-with-dsym";
				ENABLE_NS_ASSERTIONS = NO;
				ENABLE_STRICT_OBJC_MSGSEND = YES;
				GCC_C_LANGUAGE_STANDARD = gnu99;
				GCC_NO_COMMON_BLOCKS = YES;
				GCC_WARN_64_TO_32_BIT_CONVERSION = YES;
				GCC_WARN_ABOUT_RETURN_TYPE = YES_ERROR;
				GCC_WARN_UNDECLARED_SELECTOR = YES;
				GCC_WARN_UNINITIALIZED_AUTOS = YES_AGGRESSIVE;
				GCC_WARN_UNUSED_FUNCTION = YES;
				GCC_WARN_UNUSED_VARIABLE = YES;
				IPHONEOS_DEPLOYMENT_TARGET = 9.1;
				MTL_ENABLE_DEBUG_INFO = NO;
				SDKROOT = iphoneos;
				SWIFT_OPTIMIZATION_LEVEL = "-Owholemodule";
				SWIFT_VERSION = 4.2;
				VALIDATE_PRODUCT = YES;
			};
			name = Release;
		};
		607FACF01AFB9204008FA782 /* Debug */ = {
			isa = XCBuildConfiguration;
			baseConfigurationReference = F047F54580DD32436AB0F8F6 /* Pods-TLPhotoPicker_Example.debug.xcconfig */;
			buildSettings = {
				ASSETCATALOG_COMPILER_APPICON_NAME = AppIcon;
				DEVELOPMENT_TEAM = RNR9A42JW9;
				INFOPLIST_FILE = TLPhotoPicker/Info.plist;
				LD_RUNPATH_SEARCH_PATHS = "$(inherited) @executable_path/Frameworks";
				MODULE_NAME = ExampleApp;
				PRODUCT_BUNDLE_IDENTIFIER = "org.cocoapods.demo.$(PRODUCT_NAME:rfc1034identifier)";
				PRODUCT_NAME = "$(TARGET_NAME)";
				SWIFT_VERSION = 5.0;
			};
			name = Debug;
		};
		607FACF11AFB9204008FA782 /* Release */ = {
			isa = XCBuildConfiguration;
			baseConfigurationReference = FF774390FCDE758A51AF70EF /* Pods-TLPhotoPicker_Example.release.xcconfig */;
			buildSettings = {
				ASSETCATALOG_COMPILER_APPICON_NAME = AppIcon;
				DEVELOPMENT_TEAM = RNR9A42JW9;
				INFOPLIST_FILE = TLPhotoPicker/Info.plist;
				LD_RUNPATH_SEARCH_PATHS = "$(inherited) @executable_path/Frameworks";
				MODULE_NAME = ExampleApp;
				PRODUCT_BUNDLE_IDENTIFIER = "org.cocoapods.demo.$(PRODUCT_NAME:rfc1034identifier)";
				PRODUCT_NAME = "$(TARGET_NAME)";
				SWIFT_VERSION = 5.0;
			};
			name = Release;
		};
/* End XCBuildConfiguration section */

/* Begin XCConfigurationList section */
		607FACCB1AFB9204008FA782 /* Build configuration list for PBXProject "TLPhotoPicker" */ = {
			isa = XCConfigurationList;
			buildConfigurations = (
				607FACED1AFB9204008FA782 /* Debug */,
				607FACEE1AFB9204008FA782 /* Release */,
			);
			defaultConfigurationIsVisible = 0;
			defaultConfigurationName = Release;
		};
		607FACEF1AFB9204008FA782 /* Build configuration list for PBXNativeTarget "TLPhotoPicker_Example" */ = {
			isa = XCConfigurationList;
			buildConfigurations = (
				607FACF01AFB9204008FA782 /* Debug */,
				607FACF11AFB9204008FA782 /* Release */,
			);
			defaultConfigurationIsVisible = 0;
			defaultConfigurationName = Release;
		};
/* End XCConfigurationList section */
	};
	rootObject = 607FACC81AFB9204008FA782 /* Project object */;
}
